
Microsoft Visual Studio Solution File, Format Version 12.00
Project("{2150E333-8FDC-42A3-9474-1A3956D46DE8}") = "Domain", "Domain", "{B985A1A8-8EC6-4A09-80FB-B6412ADBF7CC}"
EndProject
Project("{2150E333-8FDC-42A3-9474-1A3956D46DE8}") = "Infrastructure", "Infrastructure", "{65F3D29E-D44F-4085-86EB-18D8650558D5}"
EndProject
Project("{2150E333-8FDC-42A3-9474-1A3956D46DE8}") = "Tests", "Tests", "{A4B74454-EF91-41FC-A482-922422061C08}"
EndProject
Project("{2150E333-8FDC-42A3-9474-1A3956D46DE8}") = "Command", "Command", "{2D84CD06-2D49-4605-A74A-A1E617A6154A}"
EndProject
Project("{2150E333-8FDC-42A3-9474-1A3956D46DE8}") = "Database", "Database", "{9723ADAB-B21F-4927-B346-868C4E35E63C}"
EndProject
Project("{2150E333-8FDC-42A3-9474-1A3956D46DE8}") = "Integration", "Integration", "{491D86F9-7F9D-4966-B7ED-A3B601795A90}"
EndProject
Project("{2150E333-8FDC-42A3-9474-1A3956D46DE8}") = "Web", "Web", "{4D4A0F58-E9B3-434C-8E8E-FE53370F4BF5}"
EndProject
Project("{FAE04EC0-301F-11D3-BF4B-00C04F79EFBC}") = "Fiap.TechChallenge.Language", "Fiap.TechChallenge.Language\Fiap.TechChallenge.Language.csproj", "{21A200BB-D318-4765-A32A-E1E32970267D}"
EndProject
Project("{FAE04EC0-301F-11D3-BF4B-00C04F79EFBC}") = "Fiap.TechChallenge.Enumerado", "Fiap.TechChallenge.Enumerado\Fiap.TechChallenge.Enumerado.csproj", "{17852181-4749-44EA-8042-101FF0274EC3}"
EndProject
Project("{FAE04EC0-301F-11D3-BF4B-00C04F79EFBC}") = "Fiap.TechChallenge.Contract", "Fiap.TechChallenge.Contract\Fiap.TechChallenge.Contract.csproj", "{87F44BF0-95EF-4E50-92C8-2194ACF1B4B7}"
EndProject
Project("{FAE04EC0-301F-11D3-BF4B-00C04F79EFBC}") = "Fiap.TechChallenge", "Fiap.TechChallenge\Fiap.TechChallenge.csproj", "{6439F309-E82B-48F0-9F21-C5B5B74B0406}"
EndProject
Project("{FAE04EC0-301F-11D3-BF4B-00C04F79EFBC}") = "Fiap.TechChallenge.Command", "Fiap.TechChallenge.Command\Fiap.TechChallenge.Command.csproj", "{4CDC9267-229A-4A15-9B6D-9D7964E8F42D}"
EndProject
Project("{FAE04EC0-301F-11D3-BF4B-00C04F79EFBC}") = "Fiap.TechChallenge.Api", "Fiap.TechChallenge.Api\Fiap.TechChallenge.Api.csproj", "{74D2EDCA-94EB-4EF6-9086-A1A3B7F244B0}"
EndProject
Project("{FAE04EC0-301F-11D3-BF4B-00C04F79EFBC}") = "Fiap.TechChallenge.CommandStore", "Fiap.TechChallenge.CommandStore\Fiap.TechChallenge.CommandStore.csproj", "{F321267C-89C6-4064-A218-09D36ED265C9}"
EndProject
Project("{FAE04EC0-301F-11D3-BF4B-00C04F79EFBC}") = "Fiap.TechChallenge.QueryStore", "Fiap.TechChallenge.QueryStore\Fiap.TechChallenge.QueryStore.csproj", "{23F31DEC-2DFD-4006-BF12-C740DD29D77D}"
EndProject
Project("{FAE04EC0-301F-11D3-BF4B-00C04F79EFBC}") = "Fiap.TechChallenge.Tests", "Fiap.TechChallenge.Tests\Fiap.TechChallenge.Tests.csproj", "{19097D8F-0017-4A5D-BE7A-3E334C965239}"
EndProject
Global
	GlobalSection(SolutionConfigurationPlatforms) = preSolution
		Debug|Any CPU = Debug|Any CPU
		Release|Any CPU = Release|Any CPU
	EndGlobalSection
	GlobalSection(NestedProjects) = preSolution
		{2D84CD06-2D49-4605-A74A-A1E617A6154A} = {B985A1A8-8EC6-4A09-80FB-B6412ADBF7CC}
		{9723ADAB-B21F-4927-B346-868C4E35E63C} = {65F3D29E-D44F-4085-86EB-18D8650558D5}
		{491D86F9-7F9D-4966-B7ED-A3B601795A90} = {65F3D29E-D44F-4085-86EB-18D8650558D5}
		{4D4A0F58-E9B3-434C-8E8E-FE53370F4BF5} = {65F3D29E-D44F-4085-86EB-18D8650558D5}
		{21A200BB-D318-4765-A32A-E1E32970267D} = {B985A1A8-8EC6-4A09-80FB-B6412ADBF7CC}
		{17852181-4749-44EA-8042-101FF0274EC3} = {B985A1A8-8EC6-4A09-80FB-B6412ADBF7CC}
		{87F44BF0-95EF-4E50-92C8-2194ACF1B4B7} = {B985A1A8-8EC6-4A09-80FB-B6412ADBF7CC}
		{6439F309-E82B-48F0-9F21-C5B5B74B0406} = {2D84CD06-2D49-4605-A74A-A1E617A6154A}
		{4CDC9267-229A-4A15-9B6D-9D7964E8F42D} = {2D84CD06-2D49-4605-A74A-A1E617A6154A}
		{74D2EDCA-94EB-4EF6-9086-A1A3B7F244B0} = {4D4A0F58-E9B3-434C-8E8E-FE53370F4BF5}
		{F321267C-89C6-4064-A218-09D36ED265C9} = {9723ADAB-B21F-4927-B346-868C4E35E63C}
		{23F31DEC-2DFD-4006-BF12-C740DD29D77D} = {9723ADAB-B21F-4927-B346-868C4E35E63C}
		{19097D8F-0017-4A5D-BE7A-3E334C965239} = {A4B74454-EF91-41FC-A482-922422061C08}
	EndGlobalSection
	GlobalSection(ProjectConfigurationPlatforms) = postSolution
		{21A200BB-D318-4765-A32A-E1E32970267D}.Debug|Any CPU.ActiveCfg = Debug|Any CPU
		{21A200BB-D318-4765-A32A-E1E32970267D}.Debug|Any CPU.Build.0 = Debug|Any CPU
		{21A200BB-D318-4765-A32A-E1E32970267D}.Release|Any CPU.ActiveCfg = Release|Any CPU
		{21A200BB-D318-4765-A32A-E1E32970267D}.Release|Any CPU.Build.0 = Release|Any CPU
		{17852181-4749-44EA-8042-101FF0274EC3}.Debug|Any CPU.ActiveCfg = Debug|Any CPU
		{17852181-4749-44EA-8042-101FF0274EC3}.Debug|Any CPU.Build.0 = Debug|Any CPU
		{17852181-4749-44EA-8042-101FF0274EC3}.Release|Any CPU.ActiveCfg = Release|Any CPU
		{17852181-4749-44EA-8042-101FF0274EC3}.Release|Any CPU.Build.0 = Release|Any CPU
		{87F44BF0-95EF-4E50-92C8-2194ACF1B4B7}.Debug|Any CPU.ActiveCfg = Debug|Any CPU
		{87F44BF0-95EF-4E50-92C8-2194ACF1B4B7}.Debug|Any CPU.Build.0 = Debug|Any CPU
		{87F44BF0-95EF-4E50-92C8-2194ACF1B4B7}.Release|Any CPU.ActiveCfg = Release|Any CPU
		{87F44BF0-95EF-4E50-92C8-2194ACF1B4B7}.Release|Any CPU.Build.0 = Release|Any CPU
		{6439F309-E82B-48F0-9F21-C5B5B74B0406}.Debug|Any CPU.ActiveCfg = Debug|Any CPU
		{6439F309-E82B-48F0-9F21-C5B5B74B0406}.Debug|Any CPU.Build.0 = Debug|Any CPU
		{6439F309-E82B-48F0-9F21-C5B5B74B0406}.Release|Any CPU.ActiveCfg = Release|Any CPU
		{6439F309-E82B-48F0-9F21-C5B5B74B0406}.Release|Any CPU.Build.0 = Release|Any CPU
		{4CDC9267-229A-4A15-9B6D-9D7964E8F42D}.Debug|Any CPU.ActiveCfg = Debug|Any CPU
		{4CDC9267-229A-4A15-9B6D-9D7964E8F42D}.Debug|Any CPU.Build.0 = Debug|Any CPU
		{4CDC9267-229A-4A15-9B6D-9D7964E8F42D}.Release|Any CPU.ActiveCfg = Release|Any CPU
		{4CDC9267-229A-4A15-9B6D-9D7964E8F42D}.Release|Any CPU.Build.0 = Release|Any CPU
		{74D2EDCA-94EB-4EF6-9086-A1A3B7F244B0}.Debug|Any CPU.ActiveCfg = Debug|Any CPU
		{74D2EDCA-94EB-4EF6-9086-A1A3B7F244B0}.Debug|Any CPU.Build.0 = Debug|Any CPU
		{74D2EDCA-94EB-4EF6-9086-A1A3B7F244B0}.Release|Any CPU.ActiveCfg = Release|Any CPU
		{74D2EDCA-94EB-4EF6-9086-A1A3B7F244B0}.Release|Any CPU.Build.0 = Release|Any CPU
		{F321267C-89C6-4064-A218-09D36ED265C9}.Debug|Any CPU.ActiveCfg = Debug|Any CPU
		{F321267C-89C6-4064-A218-09D36ED265C9}.Debug|Any CPU.Build.0 = Debug|Any CPU
		{F321267C-89C6-4064-A218-09D36ED265C9}.Release|Any CPU.ActiveCfg = Release|Any CPU
		{F321267C-89C6-4064-A218-09D36ED265C9}.Release|Any CPU.Build.0 = Release|Any CPU
		{23F31DEC-2DFD-4006-BF12-C740DD29D77D}.Debug|Any CPU.ActiveCfg = Debug|Any CPU
		{23F31DEC-2DFD-4006-BF12-C740DD29D77D}.Debug|Any CPU.Build.0 = Debug|Any CPU
		{23F31DEC-2DFD-4006-BF12-C740DD29D77D}.Release|Any CPU.ActiveCfg = Release|Any CPU
		{23F31DEC-2DFD-4006-BF12-C740DD29D77D}.Release|Any CPU.Build.0 = Release|Any CPU
		{19097D8F-0017-4A5D-BE7A-3E334C965239}.Debug|Any CPU.ActiveCfg = Debug|Any CPU
		{19097D8F-0017-4A5D-BE7A-3E334C965239}.Debug|Any CPU.Build.0 = Debug|Any CPU
		{19097D8F-0017-4A5D-BE7A-3E334C965239}.Release|Any CPU.ActiveCfg = Release|Any CPU
		{19097D8F-0017-4A5D-BE7A-3E334C965239}.Release|Any CPU.Build.0 = Release|Any CPU
	EndGlobalSection
EndGlobal
